
Microsoft Visual Studio Solution File, Format Version 12.00
# Visual Studio Version 17
VisualStudioVersion = 17.9.34607.119
MinimumVisualStudioVersion = 10.0.40219.1
Project("{2150E333-8FDC-42A3-9474-1A3956D46DE8}") = "Chapter01", "Chapter01", "{8E2D3581-D5BD-4AC8-BA7E-6FB984FA59DD}"
EndProject
Project("{FAE04EC0-301F-11D3-BF4B-00C04F79EFBC}") = "productSample", "Chapter01\productSample\productSample.csproj", "{DA01B9EF-5EED-4256-B976-9A7CE9DB3924}"
EndProject
Project("{FAE04EC0-301F-11D3-BF4B-00C04F79EFBC}") = "NamespaceSample", "Chapter01\NamespaceSample\NamespaceSample.csproj", "{FA46EFEB-B583-4B2F-99A8-9A97DEC91C10}"
EndProject
Project("{FAE04EC0-301F-11D3-BF4B-00C04F79EFBC}") = "Sample_p38", "Chapter01\Sample_p38\Sample_p38.csproj", "{0456FF6D-AB03-4550-B808-8E01D87535C6}"
EndProject
Project("{2150E333-8FDC-42A3-9474-1A3956D46DE8}") = "Chapter02", "Chapter02", "{AF023C1F-BA80-4419-A5AC-0F12F35CF6AD}"
EndProject
Project("{2150E333-8FDC-42A3-9474-1A3956D46DE8}") = "距離換算プログラム", "距離換算プログラム", "{E2CAB543-256A-4366-BD35-E7F15D8F5CE9}"
EndProject
Project("{FAE04EC0-301F-11D3-BF4B-00C04F79EFBC}") = "DistanceConverter", "Chapter02\DistanceConverter\DistanceConverter.csproj", "{FE3E051A-5167-4F89-BF5B-01F7B21D228B}"
EndProject
Project("{2150E333-8FDC-42A3-9474-1A3956D46DE8}") = "売上集計プログラム", "売上集計プログラム", "{F49A2AAB-086E-42E3-8E9B-3D818945466B}"
EndProject
Project("{FAE04EC0-301F-11D3-BF4B-00C04F79EFBC}") = "SalesCounter", "Chapter02\SalesCounter\SalesCounter.csproj", "{CCE875CA-D411-4F11-AB48-06329D3E7873}"
EndProject
Project("{2150E333-8FDC-42A3-9474-1A3956D46DE8}") = "#演習問題", "#演習問題", "{67B62629-FB73-4FE6-9BAF-121779FAEAF0}"
EndProject
Project("{FAE04EC0-301F-11D3-BF4B-00C04F79EFBC}") = "Exercise1", "Chapter02\演習問題\Exercise1\Exercise1.csproj", "{2DC2C89E-2835-424F-995B-77C1F8A56A50}"
EndProject
Project("{FAE04EC0-301F-11D3-BF4B-00C04F79EFBC}") = "Exercise2", "Chapter02\演習問題\Exercise2\Exercise2.csproj", "{23C4376C-9B83-46E6-A8DF-3E677F52024E}"
EndProject
Project("{2150E333-8FDC-42A3-9474-1A3956D46DE8}") = "Formapps", "Formapps", "{BC28EA44-AD1C-4ABD-BF95-4C5C043C81B3}"
EndProject
Project("{9A19103F-16F7-4668-BE54-9A1E7A4F7556}") = "BallApp", "Formapps\BallApp\BallApp.csproj", "{5594666B-DB78-4ED6-8E6D-0BDA6251C59E}"
EndProject
Project("{2150E333-8FDC-42A3-9474-1A3956D46DE8}") = "chapter03", "chapter03", "{0D65128B-7F61-4261-A082-64A238BAF41D}"
EndProject
Project("{FAE04EC0-301F-11D3-BF4B-00C04F79EFBC}") = "Section01", "Chapter03\Section01\Section01.csproj", "{BD88F705-9963-4DF1-99AA-7201E995DED6}"
EndProject
Project("{2150E333-8FDC-42A3-9474-1A3956D46DE8}") = "演習問題", "演習問題", "{DCF9F0D7-C3BE-4903-B846-8F427BB0B8BC}"
EndProject
Project("{FAE04EC0-301F-11D3-BF4B-00C04F79EFBC}") = "Exercise01", "Chapter03\演習問題\Exercise01\Exercise01.csproj", "{8BCF3FA6-C5F5-4CD6-9E1E-9659C9E318C1}"
EndProject
Project("{FAE04EC0-301F-11D3-BF4B-00C04F79EFBC}") = "Exercise02", "Chapter03\演習問題\Exercise02\Exercise02.csproj", "{F4C27041-3988-4CA1-A5AA-128E2D1B2651}"
EndProject
Project("{2150E333-8FDC-42A3-9474-1A3956D46DE8}") = "chapter04", "chapter04", "{DC730D82-546B-49DF-986A-A12AD0E28B8A}"
EndProject
Project("{FAE04EC0-301F-11D3-BF4B-00C04F79EFBC}") = "Section01", "Chapter04\Section01\Section01.csproj", "{69581D42-F929-49D0-8D9A-6B3C7C3DF4F5}"
EndProject
Project("{2150E333-8FDC-42A3-9474-1A3956D46DE8}") = "演習問題", "演習問題", "{0D320C25-F591-4930-9F75-C882C54F88C7}"
EndProject
Project("{FAE04EC0-301F-11D3-BF4B-00C04F79EFBC}") = "Exercise01", "Chapter04\演習問題\Exercise01\Exercise01.csproj", "{DFF8EE0F-BE65-412D-8746-2E38B1E8ED8B}"
EndProject
Project("{FAE04EC0-301F-11D3-BF4B-00C04F79EFBC}") = "Exercise02", "Chapter04\演習問題\Exercise02\Exercise02.csproj", "{B8DA29B5-E5CC-4779-ADA2-E0B85AB76F6E}"
EndProject
Project("{2150E333-8FDC-42A3-9474-1A3956D46DE8}") = "Chapter05", "Chapter05", "{1C8C1FFA-8F8A-4248-922C-D12371A9E201}"
EndProject
Project("{2150E333-8FDC-42A3-9474-1A3956D46DE8}") = "演習問題", "演習問題", "{B2B68947-DF7C-4B49-BD0A-0D7EDCCA1E34}"
EndProject
Project("{FAE04EC0-301F-11D3-BF4B-00C04F79EFBC}") = "Exercise01", "Chapter05\演習問題\Exercise01\Exercise01.csproj", "{F2D5D36E-B0F7-4554-BD3F-3E3764A72057}"
EndProject
Project("{FAE04EC0-301F-11D3-BF4B-00C04F79EFBC}") = "Exercise02", "Chapter05\演習問題\Exercise02\Exercise02.csproj", "{7693E42F-8ABF-46E4-ADD0-18C37295388D}"
EndProject
Project("{FAE04EC0-301F-11D3-BF4B-00C04F79EFBC}") = "Exercise03", "Chapter05\演習問題\Exercise03\Exercise03.csproj", "{2B49E48D-47F9-4D92-AAB7-4A7DDCCF2EDC}"
EndProject
Project("{FAE04EC0-301F-11D3-BF4B-00C04F79EFBC}") = "Exercise04", "Chapter05\演習問題\Exercise04\Exercise04.csproj", "{7A0F6D94-E2D2-45DC-B3AD-28FE49C28CAC}"
EndProject
Project("{2150E333-8FDC-42A3-9474-1A3956D46DE8}") = "Chapter06", "Chapter06", "{D9C0B2E1-ABB5-4CBF-8C3D-4BF66E543D96}"
EndProject
Project("{FAE04EC0-301F-11D3-BF4B-00C04F79EFBC}") = "Section01", "Chapter06\Section01\Section01.csproj", "{3F21558A-3C27-4122-BE46-73DBA5FCF02B}"
EndProject
Project("{2150E333-8FDC-42A3-9474-1A3956D46DE8}") = "演習問題", "演習問題", "{911CB1DD-22E4-481F-B7A2-966702B48AE8}"
EndProject
Project("{FAE04EC0-301F-11D3-BF4B-00C04F79EFBC}") = "Exercise01", "Chapter06\演習問題\Exercise01\Exercise01.csproj", "{B6623DE2-D803-4E5D-9A84-2B03D438F989}"
EndProject
Project("{FAE04EC0-301F-11D3-BF4B-00C04F79EFBC}") = "Exercise02", "Chapter06\演習問題\Exercise02\Exercise02.csproj", "{BC90097A-A051-429B-98FE-BE8372422B8C}"
EndProject
Project("{2150E333-8FDC-42A3-9474-1A3956D46DE8}") = "Chapter07", "Chapter07", "{42CA6AE8-B613-450D-918E-2758524BFBEC}"
EndProject
Project("{FAE04EC0-301F-11D3-BF4B-00C04F79EFBC}") = "Section01", "Chapter07\Section01\Section01.csproj", "{D0C43C73-714D-4980-BA94-915EFB055201}"
EndProject
Project("{FAE04EC0-301F-11D3-BF4B-00C04F79EFBC}") = "Section02", "Chapter07\Section02\Section02.csproj", "{E4F14423-3D41-46E8-AEBE-50B2E2CAD680}"
EndProject
Project("{2150E333-8FDC-42A3-9474-1A3956D46DE8}") = "Test2406", "Test2406", "{2E6533DA-F6B5-4ABC-8C17-2A07E25958C5}"
EndProject
Project("{FAE04EC0-301F-11D3-BF4B-00C04F79EFBC}") = "Test01", "TestProject\Test01\Test01.csproj", "{2BFACDC3-F44D-4199-8498-F5C3C4AC0335}"
EndProject
Project("{FAE04EC0-301F-11D3-BF4B-00C04F79EFBC}") = "Test02", "TestProject\Test02\Test02.csproj", "{E461C0A8-8900-485C-B520-E929BA33F712}"
EndProject
Project("{FAE04EC0-301F-11D3-BF4B-00C04F79EFBC}") = "Section03", "Chapter07\Section03\Section03.csproj", "{54E01493-6FF6-4A62-9343-494CC1289E82}"
EndProject
Project("{FAE04EC0-301F-11D3-BF4B-00C04F79EFBC}") = "Section04", "Chapter07\Section04\Section04.csproj", "{37A6C553-D245-4DC1-BEB9-492D6A842BE6}"
EndProject
Project("{2150E333-8FDC-42A3-9474-1A3956D46DE8}") = "Chapter08", "Chapter08", "{700647D0-7608-4C30-AAE5-3E80E25ABA63}"
EndProject
Project("{FAE04EC0-301F-11D3-BF4B-00C04F79EFBC}") = "Section01", "Chapter08\Section01\Section01.csproj", "{79D3C771-8010-4577-AF1A-D9F2D412A290}"
EndProject
Project("{9A19103F-16F7-4668-BE54-9A1E7A4F7556}") = "DateTimeApp", "Formapps\DateTimeApp\DateTimeApp.csproj", "{61C79ED9-DF5D-491E-9117-6112169F3EE5}"
EndProject
Project("{2150E333-8FDC-42A3-9474-1A3956D46DE8}") = "演習問題", "演習問題", "{E7311FFD-EFF4-4FAA-AB6C-ABA1CC3B43A8}"
EndProject
Project("{9A19103F-16F7-4668-BE54-9A1E7A4F7556}") = "Exercise01", "Chapter08\演習問題\Exercise01\Exercise01.csproj", "{8FF982B5-076F-473E-970B-6480EEE6E59B}"
EndProject
Project("{9A19103F-16F7-4668-BE54-9A1E7A4F7556}") = "CarReportSystem", "Formapps\CarReportSystem\CarReportSystem.csproj", "{62B18628-24B0-4686-9D4A-45BC8D49D8C6}"
EndProject
Project("{2150E333-8FDC-42A3-9474-1A3956D46DE8}") = "Chapter11", "Chapter11", "{C13F668F-8556-4E26-8354-FA0DED581071}"
EndProject
Project("{FAE04EC0-301F-11D3-BF4B-00C04F79EFBC}") = "Section01", "Chapter11\Section01\Section01.csproj", "{99D80059-DBCA-42A7-9A7B-3FEDD26652FA}"
EndProject
Project("{2150E333-8FDC-42A3-9474-1A3956D46DE8}") = "演習問題", "演習問題", "{C29A5A7A-A984-43BE-B77B-0C545577F74F}"
EndProject
Project("{FAE04EC0-301F-11D3-BF4B-00C04F79EFBC}") = "Exercise01", "Chapter11\演習問題\Exercise01\Exercise01.csproj", "{46E83855-247C-4B32-882A-A2A1DF89BE52}"
EndProject
Project("{FAE04EC0-301F-11D3-BF4B-00C04F79EFBC}") = "Section02", "Chapter11\Section02\Section02.csproj", "{E5646913-3467-4905-B8BA-84E44089E84F}"
EndProject
Project("{2150E333-8FDC-42A3-9474-1A3956D46DE8}") = "Chapter12", "Chapter12", "{2274F403-8F6B-493D-80B9-C13BCA86610D}"
EndProject
Project("{FAE04EC0-301F-11D3-BF4B-00C04F79EFBC}") = "Section01", "Chapter12\Section01\Section01.csproj", "{F5242245-83AD-476E-9DC4-FF94138CAF62}"
EndProject
Global
	GlobalSection(SolutionConfigurationPlatforms) = preSolution
		Debug|Any CPU = Debug|Any CPU
		Release|Any CPU = Release|Any CPU
	EndGlobalSection
	GlobalSection(ProjectConfigurationPlatforms) = postSolution
		{DA01B9EF-5EED-4256-B976-9A7CE9DB3924}.Debug|Any CPU.ActiveCfg = Debug|Any CPU
		{DA01B9EF-5EED-4256-B976-9A7CE9DB3924}.Debug|Any CPU.Build.0 = Debug|Any CPU
		{DA01B9EF-5EED-4256-B976-9A7CE9DB3924}.Release|Any CPU.ActiveCfg = Release|Any CPU
		{DA01B9EF-5EED-4256-B976-9A7CE9DB3924}.Release|Any CPU.Build.0 = Release|Any CPU
		{FA46EFEB-B583-4B2F-99A8-9A97DEC91C10}.Debug|Any CPU.ActiveCfg = Debug|Any CPU
		{FA46EFEB-B583-4B2F-99A8-9A97DEC91C10}.Debug|Any CPU.Build.0 = Debug|Any CPU
		{FA46EFEB-B583-4B2F-99A8-9A97DEC91C10}.Release|Any CPU.ActiveCfg = Release|Any CPU
		{FA46EFEB-B583-4B2F-99A8-9A97DEC91C10}.Release|Any CPU.Build.0 = Release|Any CPU
		{0456FF6D-AB03-4550-B808-8E01D87535C6}.Debug|Any CPU.ActiveCfg = Debug|Any CPU
		{0456FF6D-AB03-4550-B808-8E01D87535C6}.Debug|Any CPU.Build.0 = Debug|Any CPU
		{0456FF6D-AB03-4550-B808-8E01D87535C6}.Release|Any CPU.ActiveCfg = Release|Any CPU
		{0456FF6D-AB03-4550-B808-8E01D87535C6}.Release|Any CPU.Build.0 = Release|Any CPU
		{FE3E051A-5167-4F89-BF5B-01F7B21D228B}.Debug|Any CPU.ActiveCfg = Debug|Any CPU
		{FE3E051A-5167-4F89-BF5B-01F7B21D228B}.Debug|Any CPU.Build.0 = Debug|Any CPU
		{FE3E051A-5167-4F89-BF5B-01F7B21D228B}.Release|Any CPU.ActiveCfg = Release|Any CPU
		{FE3E051A-5167-4F89-BF5B-01F7B21D228B}.Release|Any CPU.Build.0 = Release|Any CPU
		{CCE875CA-D411-4F11-AB48-06329D3E7873}.Debug|Any CPU.ActiveCfg = Debug|Any CPU
		{CCE875CA-D411-4F11-AB48-06329D3E7873}.Debug|Any CPU.Build.0 = Debug|Any CPU
		{CCE875CA-D411-4F11-AB48-06329D3E7873}.Release|Any CPU.ActiveCfg = Release|Any CPU
		{CCE875CA-D411-4F11-AB48-06329D3E7873}.Release|Any CPU.Build.0 = Release|Any CPU
		{2DC2C89E-2835-424F-995B-77C1F8A56A50}.Debug|Any CPU.ActiveCfg = Debug|Any CPU
		{2DC2C89E-2835-424F-995B-77C1F8A56A50}.Debug|Any CPU.Build.0 = Debug|Any CPU
		{2DC2C89E-2835-424F-995B-77C1F8A56A50}.Release|Any CPU.ActiveCfg = Release|Any CPU
		{2DC2C89E-2835-424F-995B-77C1F8A56A50}.Release|Any CPU.Build.0 = Release|Any CPU
		{23C4376C-9B83-46E6-A8DF-3E677F52024E}.Debug|Any CPU.ActiveCfg = Debug|Any CPU
		{23C4376C-9B83-46E6-A8DF-3E677F52024E}.Debug|Any CPU.Build.0 = Debug|Any CPU
		{23C4376C-9B83-46E6-A8DF-3E677F52024E}.Release|Any CPU.ActiveCfg = Release|Any CPU
		{23C4376C-9B83-46E6-A8DF-3E677F52024E}.Release|Any CPU.Build.0 = Release|Any CPU
		{5594666B-DB78-4ED6-8E6D-0BDA6251C59E}.Debug|Any CPU.ActiveCfg = Debug|Any CPU
		{5594666B-DB78-4ED6-8E6D-0BDA6251C59E}.Debug|Any CPU.Build.0 = Debug|Any CPU
		{5594666B-DB78-4ED6-8E6D-0BDA6251C59E}.Release|Any CPU.ActiveCfg = Release|Any CPU
		{5594666B-DB78-4ED6-8E6D-0BDA6251C59E}.Release|Any CPU.Build.0 = Release|Any CPU
		{BD88F705-9963-4DF1-99AA-7201E995DED6}.Debug|Any CPU.ActiveCfg = Debug|Any CPU
		{BD88F705-9963-4DF1-99AA-7201E995DED6}.Debug|Any CPU.Build.0 = Debug|Any CPU
		{BD88F705-9963-4DF1-99AA-7201E995DED6}.Release|Any CPU.ActiveCfg = Release|Any CPU
		{BD88F705-9963-4DF1-99AA-7201E995DED6}.Release|Any CPU.Build.0 = Release|Any CPU
		{8BCF3FA6-C5F5-4CD6-9E1E-9659C9E318C1}.Debug|Any CPU.ActiveCfg = Debug|Any CPU
		{8BCF3FA6-C5F5-4CD6-9E1E-9659C9E318C1}.Debug|Any CPU.Build.0 = Debug|Any CPU
		{8BCF3FA6-C5F5-4CD6-9E1E-9659C9E318C1}.Release|Any CPU.ActiveCfg = Release|Any CPU
		{8BCF3FA6-C5F5-4CD6-9E1E-9659C9E318C1}.Release|Any CPU.Build.0 = Release|Any CPU
		{F4C27041-3988-4CA1-A5AA-128E2D1B2651}.Debug|Any CPU.ActiveCfg = Debug|Any CPU
		{F4C27041-3988-4CA1-A5AA-128E2D1B2651}.Debug|Any CPU.Build.0 = Debug|Any CPU
		{F4C27041-3988-4CA1-A5AA-128E2D1B2651}.Release|Any CPU.ActiveCfg = Release|Any CPU
		{F4C27041-3988-4CA1-A5AA-128E2D1B2651}.Release|Any CPU.Build.0 = Release|Any CPU
		{69581D42-F929-49D0-8D9A-6B3C7C3DF4F5}.Debug|Any CPU.ActiveCfg = Debug|Any CPU
		{69581D42-F929-49D0-8D9A-6B3C7C3DF4F5}.Debug|Any CPU.Build.0 = Debug|Any CPU
		{69581D42-F929-49D0-8D9A-6B3C7C3DF4F5}.Release|Any CPU.ActiveCfg = Release|Any CPU
		{69581D42-F929-49D0-8D9A-6B3C7C3DF4F5}.Release|Any CPU.Build.0 = Release|Any CPU
		{DFF8EE0F-BE65-412D-8746-2E38B1E8ED8B}.Debug|Any CPU.ActiveCfg = Debug|Any CPU
		{DFF8EE0F-BE65-412D-8746-2E38B1E8ED8B}.Debug|Any CPU.Build.0 = Debug|Any CPU
		{DFF8EE0F-BE65-412D-8746-2E38B1E8ED8B}.Release|Any CPU.ActiveCfg = Release|Any CPU
		{DFF8EE0F-BE65-412D-8746-2E38B1E8ED8B}.Release|Any CPU.Build.0 = Release|Any CPU
		{B8DA29B5-E5CC-4779-ADA2-E0B85AB76F6E}.Debug|Any CPU.ActiveCfg = Debug|Any CPU
		{B8DA29B5-E5CC-4779-ADA2-E0B85AB76F6E}.Debug|Any CPU.Build.0 = Debug|Any CPU
		{B8DA29B5-E5CC-4779-ADA2-E0B85AB76F6E}.Release|Any CPU.ActiveCfg = Release|Any CPU
		{B8DA29B5-E5CC-4779-ADA2-E0B85AB76F6E}.Release|Any CPU.Build.0 = Release|Any CPU
		{F2D5D36E-B0F7-4554-BD3F-3E3764A72057}.Debug|Any CPU.ActiveCfg = Debug|Any CPU
		{F2D5D36E-B0F7-4554-BD3F-3E3764A72057}.Debug|Any CPU.Build.0 = Debug|Any CPU
		{F2D5D36E-B0F7-4554-BD3F-3E3764A72057}.Release|Any CPU.ActiveCfg = Release|Any CPU
		{F2D5D36E-B0F7-4554-BD3F-3E3764A72057}.Release|Any CPU.Build.0 = Release|Any CPU
		{7693E42F-8ABF-46E4-ADD0-18C37295388D}.Debug|Any CPU.ActiveCfg = Debug|Any CPU
		{7693E42F-8ABF-46E4-ADD0-18C37295388D}.Debug|Any CPU.Build.0 = Debug|Any CPU
		{7693E42F-8ABF-46E4-ADD0-18C37295388D}.Release|Any CPU.ActiveCfg = Release|Any CPU
		{7693E42F-8ABF-46E4-ADD0-18C37295388D}.Release|Any CPU.Build.0 = Release|Any CPU
		{2B49E48D-47F9-4D92-AAB7-4A7DDCCF2EDC}.Debug|Any CPU.ActiveCfg = Debug|Any CPU
		{2B49E48D-47F9-4D92-AAB7-4A7DDCCF2EDC}.Debug|Any CPU.Build.0 = Debug|Any CPU
		{2B49E48D-47F9-4D92-AAB7-4A7DDCCF2EDC}.Release|Any CPU.ActiveCfg = Release|Any CPU
		{2B49E48D-47F9-4D92-AAB7-4A7DDCCF2EDC}.Release|Any CPU.Build.0 = Release|Any CPU
		{7A0F6D94-E2D2-45DC-B3AD-28FE49C28CAC}.Debug|Any CPU.ActiveCfg = Debug|Any CPU
		{7A0F6D94-E2D2-45DC-B3AD-28FE49C28CAC}.Debug|Any CPU.Build.0 = Debug|Any CPU
		{7A0F6D94-E2D2-45DC-B3AD-28FE49C28CAC}.Release|Any CPU.ActiveCfg = Release|Any CPU
		{7A0F6D94-E2D2-45DC-B3AD-28FE49C28CAC}.Release|Any CPU.Build.0 = Release|Any CPU
		{3F21558A-3C27-4122-BE46-73DBA5FCF02B}.Debug|Any CPU.ActiveCfg = Debug|Any CPU
		{3F21558A-3C27-4122-BE46-73DBA5FCF02B}.Debug|Any CPU.Build.0 = Debug|Any CPU
		{3F21558A-3C27-4122-BE46-73DBA5FCF02B}.Release|Any CPU.ActiveCfg = Release|Any CPU
		{3F21558A-3C27-4122-BE46-73DBA5FCF02B}.Release|Any CPU.Build.0 = Release|Any CPU
		{B6623DE2-D803-4E5D-9A84-2B03D438F989}.Debug|Any CPU.ActiveCfg = Debug|Any CPU
		{B6623DE2-D803-4E5D-9A84-2B03D438F989}.Debug|Any CPU.Build.0 = Debug|Any CPU
		{B6623DE2-D803-4E5D-9A84-2B03D438F989}.Release|Any CPU.ActiveCfg = Release|Any CPU
		{B6623DE2-D803-4E5D-9A84-2B03D438F989}.Release|Any CPU.Build.0 = Release|Any CPU
		{BC90097A-A051-429B-98FE-BE8372422B8C}.Debug|Any CPU.ActiveCfg = Debug|Any CPU
		{BC90097A-A051-429B-98FE-BE8372422B8C}.Debug|Any CPU.Build.0 = Debug|Any CPU
		{BC90097A-A051-429B-98FE-BE8372422B8C}.Release|Any CPU.ActiveCfg = Release|Any CPU
		{BC90097A-A051-429B-98FE-BE8372422B8C}.Release|Any CPU.Build.0 = Release|Any CPU
		{D0C43C73-714D-4980-BA94-915EFB055201}.Debug|Any CPU.ActiveCfg = Debug|Any CPU
		{D0C43C73-714D-4980-BA94-915EFB055201}.Debug|Any CPU.Build.0 = Debug|Any CPU
		{D0C43C73-714D-4980-BA94-915EFB055201}.Release|Any CPU.ActiveCfg = Release|Any CPU
		{D0C43C73-714D-4980-BA94-915EFB055201}.Release|Any CPU.Build.0 = Release|Any CPU
		{E4F14423-3D41-46E8-AEBE-50B2E2CAD680}.Debug|Any CPU.ActiveCfg = Debug|Any CPU
		{E4F14423-3D41-46E8-AEBE-50B2E2CAD680}.Debug|Any CPU.Build.0 = Debug|Any CPU
		{E4F14423-3D41-46E8-AEBE-50B2E2CAD680}.Release|Any CPU.ActiveCfg = Release|Any CPU
		{E4F14423-3D41-46E8-AEBE-50B2E2CAD680}.Release|Any CPU.Build.0 = Release|Any CPU
		{2BFACDC3-F44D-4199-8498-F5C3C4AC0335}.Debug|Any CPU.ActiveCfg = Debug|Any CPU
		{2BFACDC3-F44D-4199-8498-F5C3C4AC0335}.Debug|Any CPU.Build.0 = Debug|Any CPU
		{2BFACDC3-F44D-4199-8498-F5C3C4AC0335}.Release|Any CPU.ActiveCfg = Release|Any CPU
		{2BFACDC3-F44D-4199-8498-F5C3C4AC0335}.Release|Any CPU.Build.0 = Release|Any CPU
		{E461C0A8-8900-485C-B520-E929BA33F712}.Debug|Any CPU.ActiveCfg = Debug|Any CPU
		{E461C0A8-8900-485C-B520-E929BA33F712}.Debug|Any CPU.Build.0 = Debug|Any CPU
		{E461C0A8-8900-485C-B520-E929BA33F712}.Release|Any CPU.ActiveCfg = Release|Any CPU
		{E461C0A8-8900-485C-B520-E929BA33F712}.Release|Any CPU.Build.0 = Release|Any CPU
		{54E01493-6FF6-4A62-9343-494CC1289E82}.Debug|Any CPU.ActiveCfg = Debug|Any CPU
		{54E01493-6FF6-4A62-9343-494CC1289E82}.Debug|Any CPU.Build.0 = Debug|Any CPU
		{54E01493-6FF6-4A62-9343-494CC1289E82}.Release|Any CPU.ActiveCfg = Release|Any CPU
		{54E01493-6FF6-4A62-9343-494CC1289E82}.Release|Any CPU.Build.0 = Release|Any CPU
		{37A6C553-D245-4DC1-BEB9-492D6A842BE6}.Debug|Any CPU.ActiveCfg = Debug|Any CPU
		{37A6C553-D245-4DC1-BEB9-492D6A842BE6}.Debug|Any CPU.Build.0 = Debug|Any CPU
		{37A6C553-D245-4DC1-BEB9-492D6A842BE6}.Release|Any CPU.ActiveCfg = Release|Any CPU
		{37A6C553-D245-4DC1-BEB9-492D6A842BE6}.Release|Any CPU.Build.0 = Release|Any CPU
		{79D3C771-8010-4577-AF1A-D9F2D412A290}.Debug|Any CPU.ActiveCfg = Debug|Any CPU
		{79D3C771-8010-4577-AF1A-D9F2D412A290}.Debug|Any CPU.Build.0 = Debug|Any CPU
		{79D3C771-8010-4577-AF1A-D9F2D412A290}.Release|Any CPU.ActiveCfg = Release|Any CPU
		{79D3C771-8010-4577-AF1A-D9F2D412A290}.Release|Any CPU.Build.0 = Release|Any CPU
		{61C79ED9-DF5D-491E-9117-6112169F3EE5}.Debug|Any CPU.ActiveCfg = Debug|Any CPU
		{61C79ED9-DF5D-491E-9117-6112169F3EE5}.Debug|Any CPU.Build.0 = Debug|Any CPU
		{61C79ED9-DF5D-491E-9117-6112169F3EE5}.Release|Any CPU.ActiveCfg = Release|Any CPU
		{61C79ED9-DF5D-491E-9117-6112169F3EE5}.Release|Any CPU.Build.0 = Release|Any CPU
		{8FF982B5-076F-473E-970B-6480EEE6E59B}.Debug|Any CPU.ActiveCfg = Debug|Any CPU
		{8FF982B5-076F-473E-970B-6480EEE6E59B}.Debug|Any CPU.Build.0 = Debug|Any CPU
		{8FF982B5-076F-473E-970B-6480EEE6E59B}.Release|Any CPU.ActiveCfg = Release|Any CPU
		{8FF982B5-076F-473E-970B-6480EEE6E59B}.Release|Any CPU.Build.0 = Release|Any CPU
		{62B18628-24B0-4686-9D4A-45BC8D49D8C6}.Debug|Any CPU.ActiveCfg = Debug|Any CPU
		{62B18628-24B0-4686-9D4A-45BC8D49D8C6}.Debug|Any CPU.Build.0 = Debug|Any CPU
		{62B18628-24B0-4686-9D4A-45BC8D49D8C6}.Release|Any CPU.ActiveCfg = Release|Any CPU
		{62B18628-24B0-4686-9D4A-45BC8D49D8C6}.Release|Any CPU.Build.0 = Release|Any CPU
		{99D80059-DBCA-42A7-9A7B-3FEDD26652FA}.Debug|Any CPU.ActiveCfg = Debug|Any CPU
		{99D80059-DBCA-42A7-9A7B-3FEDD26652FA}.Debug|Any CPU.Build.0 = Debug|Any CPU
		{99D80059-DBCA-42A7-9A7B-3FEDD26652FA}.Release|Any CPU.ActiveCfg = Release|Any CPU
		{99D80059-DBCA-42A7-9A7B-3FEDD26652FA}.Release|Any CPU.Build.0 = Release|Any CPU
		{46E83855-247C-4B32-882A-A2A1DF89BE52}.Debug|Any CPU.ActiveCfg = Debug|Any CPU
		{46E83855-247C-4B32-882A-A2A1DF89BE52}.Debug|Any CPU.Build.0 = Debug|Any CPU
		{46E83855-247C-4B32-882A-A2A1DF89BE52}.Release|Any CPU.ActiveCfg = Release|Any CPU
		{46E83855-247C-4B32-882A-A2A1DF89BE52}.Release|Any CPU.Build.0 = Release|Any CPU
		{E5646913-3467-4905-B8BA-84E44089E84F}.Debug|Any CPU.ActiveCfg = Debug|Any CPU
		{E5646913-3467-4905-B8BA-84E44089E84F}.Debug|Any CPU.Build.0 = Debug|Any CPU
		{E5646913-3467-4905-B8BA-84E44089E84F}.Release|Any CPU.ActiveCfg = Release|Any CPU
		{E5646913-3467-4905-B8BA-84E44089E84F}.Release|Any CPU.Build.0 = Release|Any CPU
		{F5242245-83AD-476E-9DC4-FF94138CAF62}.Debug|Any CPU.ActiveCfg = Debug|Any CPU
		{F5242245-83AD-476E-9DC4-FF94138CAF62}.Debug|Any CPU.Build.0 = Debug|Any CPU
		{F5242245-83AD-476E-9DC4-FF94138CAF62}.Release|Any CPU.ActiveCfg = Release|Any CPU
		{F5242245-83AD-476E-9DC4-FF94138CAF62}.Release|Any CPU.Build.0 = Release|Any CPU
	EndGlobalSection
	GlobalSection(SolutionProperties) = preSolution
		HideSolutionNode = FALSE
	EndGlobalSection
	GlobalSection(NestedProjects) = preSolution
		{DA01B9EF-5EED-4256-B976-9A7CE9DB3924} = {8E2D3581-D5BD-4AC8-BA7E-6FB984FA59DD}
		{FA46EFEB-B583-4B2F-99A8-9A97DEC91C10} = {8E2D3581-D5BD-4AC8-BA7E-6FB984FA59DD}
		{0456FF6D-AB03-4550-B808-8E01D87535C6} = {8E2D3581-D5BD-4AC8-BA7E-6FB984FA59DD}
		{E2CAB543-256A-4366-BD35-E7F15D8F5CE9} = {AF023C1F-BA80-4419-A5AC-0F12F35CF6AD}
		{FE3E051A-5167-4F89-BF5B-01F7B21D228B} = {E2CAB543-256A-4366-BD35-E7F15D8F5CE9}
		{F49A2AAB-086E-42E3-8E9B-3D818945466B} = {AF023C1F-BA80-4419-A5AC-0F12F35CF6AD}
		{CCE875CA-D411-4F11-AB48-06329D3E7873} = {F49A2AAB-086E-42E3-8E9B-3D818945466B}
		{67B62629-FB73-4FE6-9BAF-121779FAEAF0} = {AF023C1F-BA80-4419-A5AC-0F12F35CF6AD}
		{2DC2C89E-2835-424F-995B-77C1F8A56A50} = {67B62629-FB73-4FE6-9BAF-121779FAEAF0}
		{23C4376C-9B83-46E6-A8DF-3E677F52024E} = {67B62629-FB73-4FE6-9BAF-121779FAEAF0}
		{5594666B-DB78-4ED6-8E6D-0BDA6251C59E} = {BC28EA44-AD1C-4ABD-BF95-4C5C043C81B3}
		{BD88F705-9963-4DF1-99AA-7201E995DED6} = {0D65128B-7F61-4261-A082-64A238BAF41D}
		{DCF9F0D7-C3BE-4903-B846-8F427BB0B8BC} = {0D65128B-7F61-4261-A082-64A238BAF41D}
		{8BCF3FA6-C5F5-4CD6-9E1E-9659C9E318C1} = {DCF9F0D7-C3BE-4903-B846-8F427BB0B8BC}
		{F4C27041-3988-4CA1-A5AA-128E2D1B2651} = {DCF9F0D7-C3BE-4903-B846-8F427BB0B8BC}
		{69581D42-F929-49D0-8D9A-6B3C7C3DF4F5} = {DC730D82-546B-49DF-986A-A12AD0E28B8A}
		{0D320C25-F591-4930-9F75-C882C54F88C7} = {DC730D82-546B-49DF-986A-A12AD0E28B8A}
		{DFF8EE0F-BE65-412D-8746-2E38B1E8ED8B} = {0D320C25-F591-4930-9F75-C882C54F88C7}
		{B8DA29B5-E5CC-4779-ADA2-E0B85AB76F6E} = {0D320C25-F591-4930-9F75-C882C54F88C7}
		{B2B68947-DF7C-4B49-BD0A-0D7EDCCA1E34} = {1C8C1FFA-8F8A-4248-922C-D12371A9E201}
		{F2D5D36E-B0F7-4554-BD3F-3E3764A72057} = {B2B68947-DF7C-4B49-BD0A-0D7EDCCA1E34}
		{7693E42F-8ABF-46E4-ADD0-18C37295388D} = {B2B68947-DF7C-4B49-BD0A-0D7EDCCA1E34}
		{2B49E48D-47F9-4D92-AAB7-4A7DDCCF2EDC} = {B2B68947-DF7C-4B49-BD0A-0D7EDCCA1E34}
		{7A0F6D94-E2D2-45DC-B3AD-28FE49C28CAC} = {B2B68947-DF7C-4B49-BD0A-0D7EDCCA1E34}
		{3F21558A-3C27-4122-BE46-73DBA5FCF02B} = {D9C0B2E1-ABB5-4CBF-8C3D-4BF66E543D96}
		{911CB1DD-22E4-481F-B7A2-966702B48AE8} = {D9C0B2E1-ABB5-4CBF-8C3D-4BF66E543D96}
		{B6623DE2-D803-4E5D-9A84-2B03D438F989} = {911CB1DD-22E4-481F-B7A2-966702B48AE8}
		{BC90097A-A051-429B-98FE-BE8372422B8C} = {911CB1DD-22E4-481F-B7A2-966702B48AE8}
		{D0C43C73-714D-4980-BA94-915EFB055201} = {42CA6AE8-B613-450D-918E-2758524BFBEC}
		{E4F14423-3D41-46E8-AEBE-50B2E2CAD680} = {42CA6AE8-B613-450D-918E-2758524BFBEC}
		{2BFACDC3-F44D-4199-8498-F5C3C4AC0335} = {2E6533DA-F6B5-4ABC-8C17-2A07E25958C5}
		{E461C0A8-8900-485C-B520-E929BA33F712} = {2E6533DA-F6B5-4ABC-8C17-2A07E25958C5}
		{54E01493-6FF6-4A62-9343-494CC1289E82} = {42CA6AE8-B613-450D-918E-2758524BFBEC}
		{37A6C553-D245-4DC1-BEB9-492D6A842BE6} = {42CA6AE8-B613-450D-918E-2758524BFBEC}
		{79D3C771-8010-4577-AF1A-D9F2D412A290} = {700647D0-7608-4C30-AAE5-3E80E25ABA63}
		{61C79ED9-DF5D-491E-9117-6112169F3EE5} = {BC28EA44-AD1C-4ABD-BF95-4C5C043C81B3}
		{E7311FFD-EFF4-4FAA-AB6C-ABA1CC3B43A8} = {700647D0-7608-4C30-AAE5-3E80E25ABA63}
		{8FF982B5-076F-473E-970B-6480EEE6E59B} = {E7311FFD-EFF4-4FAA-AB6C-ABA1CC3B43A8}
		{62B18628-24B0-4686-9D4A-45BC8D49D8C6} = {BC28EA44-AD1C-4ABD-BF95-4C5C043C81B3}
		{99D80059-DBCA-42A7-9A7B-3FEDD26652FA} = {C13F668F-8556-4E26-8354-FA0DED581071}
		{C29A5A7A-A984-43BE-B77B-0C545577F74F} = {C13F668F-8556-4E26-8354-FA0DED581071}
		{46E83855-247C-4B32-882A-A2A1DF89BE52} = {C29A5A7A-A984-43BE-B77B-0C545577F74F}
		{E5646913-3467-4905-B8BA-84E44089E84F} = {C13F668F-8556-4E26-8354-FA0DED581071}
		{F5242245-83AD-476E-9DC4-FF94138CAF62} = {2274F403-8F6B-493D-80B9-C13BCA86610D}
	EndGlobalSection
	GlobalSection(ExtensibilityGlobals) = postSolution
		SolutionGuid = {8DC67F11-BEC8-4FB1-9C6C-E44207D955B8}
	EndGlobalSection
EndGlobal
